hash: b274cc4a4ddcd06095dc101adc1a23c89a99497a88d7093704ea56a0f0abc416
updated: 2016-11-04T14:06:00.678983486Z
imports:
- name: github.com/boltdb/bolt
  version: 583e8937c61f1af6513608ccc75c97b6abdf4ff9
- name: github.com/bwmarrin/discordgo
  version: 11fa9dc906c531a85cd969b7b6b77c2f452a61b3
- name: github.com/darkliquid/roll
  version: bae033a781ef32d05839380bfd685a3c5aa630da
- name: github.com/gorilla/websocket
  version: 2aff870ef83507abb46472eae82449f7a4c464c5
- name: github.com/hashicorp/hcl
  version: f74cf8281543a0797d7b4ab7d88e76e7ba125308
  subpackages:
  - hcl/ast
  - hcl/parser
  - hcl/scanner
  - hcl/strconv
  - hcl/token
  - json/parser
  - json/scanner
  - json/token
- name: github.com/paked/configure
  version: 9da232898a2e2ab136d81bb45554053f5b42fed4
- name: github.com/pkg/errors
  version: 645ef00459ed84a119197bfb8d8205042c6df63d
- name: golang.org/x/crypto
  version: 9477e0b78b9ac3d0b03822fd95422e2fe07627cd
  subpackages:
  - nacl/secretbox
  - poly1305
  - salsa20/salsa
- name: golang.org/x/sys
  version: c200b10b5d5e122be351b67af224adc6128af5bf
  subpackages:
  - unix
testImports: []
